
Microsoft Visual Studio Solution File, Format Version 12.00
# Visual Studio Version 16
VisualStudioVersion = 16.0.31829.152
MinimumVisualStudioVersion = 10.0.40219.1
Project("{FAE04EC0-301F-11D3-BF4B-00C04F79EFBC}") = "KIT206Assignment2", "KIT206Assignment2\KIT206Assignment2.csproj", "{2111E899-BDE7-4245-9C74-7F597BC55D1C}"
EndProject
Global
	GlobalSection(SolutionConfigurationPlatforms) = preSolution
		Debug|Any CPU = Debug|Any CPU
		Release|Any CPU = Release|Any CPU
	EndGlobalSection
	GlobalSection(ProjectConfigurationPlatforms) = postSolution
		{2111E899-BDE7-4245-9C74-7F597BC55D1C}.Debug|Any CPU.ActiveCfg = Debug|Any CPU
		{2111E899-BDE7-4245-9C74-7F597BC55D1C}.Debug|Any CPU.Build.0 = Debug|Any CPU
		{2111E899-BDE7-4245-9C74-7F597BC55D1C}.Release|Any CPU.ActiveCfg = Release|Any CPU
		{2111E899-BDE7-4245-9C74-7F597BC55D1C}.Release|Any CPU.Build.0 = Release|Any CPU
	EndGlobalSection
	GlobalSection(SolutionProperties) = preSolution
		HideSolutionNode = FALSE
	EndGlobalSection
	GlobalSection(ExtensibilityGlobals) = postSolution
		SolutionGuid = {8A1F22E6-5095-44F2-AD13-CE1E4F02843E}
	EndGlobalSection
EndGlobal
